
Microsoft Visual Studio Solution File, Format Version 12.00
# Visual Studio 15
VisualStudioVersion = 15.0.27130.2024
MinimumVisualStudioVersion = 10.0.40219.1
Project("{FAE04EC0-301F-11D3-BF4B-00C04F79EFBC}") = "CNiebel", "CNiebel\CNiebel.csproj", "{6537C75B-5342-4C7F-977A-5058BE4BAB77}"
EndProject
Global
	GlobalSection(SolutionConfigurationPlatforms) = preSolution
		Debug|Any CPU = Debug|Any CPU
		Release|Any CPU = Release|Any CPU
	EndGlobalSection
	GlobalSection(ProjectConfigurationPlatforms) = postSolution
		{6537C75B-5342-4C7F-977A-5058BE4BAB77}.Debug|Any CPU.ActiveCfg = Debug|Any CPU
		{6537C75B-5342-4C7F-977A-5058BE4BAB77}.Debug|Any CPU.Build.0 = Debug|Any CPU
		{6537C75B-5342-4C7F-977A-5058BE4BAB77}.Release|Any CPU.ActiveCfg = Release|Any CPU
		{6537C75B-5342-4C7F-977A-5058BE4BAB77}.Release|Any CPU.Build.0 = Release|Any CPU
	EndGlobalSection
	GlobalSection(SolutionProperties) = preSolution
		HideSolutionNode = FALSE
	EndGlobalSection
	GlobalSection(ExtensibilityGlobals) = postSolution
		SolutionGuid = {ECEBBEEF-B981-498E-83E3-F2F4D3937CE3}
	EndGlobalSection
EndGlobal
